
Microsoft Visual Studio Solution File, Format Version 12.00
# Visual Studio Version 17
VisualStudioVersion = 17.4.33213.308
MinimumVisualStudioVersion = 10.0.40219.1
Project("{FAE04EC0-301F-11D3-BF4B-00C04F79EFBC}") = "PROG301_FinalSports", "PROG301_FinalSports\PROG301_FinalSports.csproj", "{0B16735A-D011-4FC2-8205-ED326E45F69E}"
EndProject
Project("{FAE04EC0-301F-11D3-BF4B-00C04F79EFBC}") = "SportsLibrary", "SportsLibrary\SportsLibrary.csproj", "{338817E5-C5C2-433B-BA14-009E04518CD8}"
EndProject
Project("{FAE04EC0-301F-11D3-BF4B-00C04F79EFBC}") = "SportsTests", "SportsTests\SportsTests.csproj", "{FE7911BD-42C9-48C9-9553-9DCF6B7074A6}"
EndProject
Global
	GlobalSection(SolutionConfigurationPlatforms) = preSolution
		Debug|Any CPU = Debug|Any CPU
		Release|Any CPU = Release|Any CPU
	EndGlobalSection
	GlobalSection(ProjectConfigurationPlatforms) = postSolution
		{0B16735A-D011-4FC2-8205-ED326E45F69E}.Debug|Any CPU.ActiveCfg = Debug|Any CPU
		{0B16735A-D011-4FC2-8205-ED326E45F69E}.Debug|Any CPU.Build.0 = Debug|Any CPU
		{0B16735A-D011-4FC2-8205-ED326E45F69E}.Release|Any CPU.ActiveCfg = Release|Any CPU
		{0B16735A-D011-4FC2-8205-ED326E45F69E}.Release|Any CPU.Build.0 = Release|Any CPU
		{338817E5-C5C2-433B-BA14-009E04518CD8}.Debug|Any CPU.ActiveCfg = Debug|Any CPU
		{338817E5-C5C2-433B-BA14-009E04518CD8}.Debug|Any CPU.Build.0 = Debug|Any CPU
		{338817E5-C5C2-433B-BA14-009E04518CD8}.Release|Any CPU.ActiveCfg = Release|Any CPU
		{338817E5-C5C2-433B-BA14-009E04518CD8}.Release|Any CPU.Build.0 = Release|Any CPU
		{FE7911BD-42C9-48C9-9553-9DCF6B7074A6}.Debug|Any CPU.ActiveCfg = Debug|Any CPU
		{FE7911BD-42C9-48C9-9553-9DCF6B7074A6}.Debug|Any CPU.Build.0 = Debug|Any CPU
		{FE7911BD-42C9-48C9-9553-9DCF6B7074A6}.Release|Any CPU.ActiveCfg = Release|Any CPU
		{FE7911BD-42C9-48C9-9553-9DCF6B7074A6}.Release|Any CPU.Build.0 = Release|Any CPU
	EndGlobalSection
	GlobalSection(SolutionProperties) = preSolution
		HideSolutionNode = FALSE
	EndGlobalSection
	GlobalSection(ExtensibilityGlobals) = postSolution
		SolutionGuid = {DB969F46-0973-47E5-9B77-67D365165AA2}
	EndGlobalSection
EndGlobal
